
Microsoft Visual Studio Solution File, Format Version 12.00
# Visual Studio Version 17
VisualStudioVersion = 17.8.34330.188
MinimumVisualStudioVersion = 10.0.40219.1
Project("{FAE04EC0-301F-11D3-BF4B-00C04F79EFBC}") = "LoggingExample", "LoggingExample.csproj", "{5FD443A5-89A2-47F5-8D73-40E9A2FAAE36}"
EndProject
Global
	GlobalSection(SolutionConfigurationPlatforms) = preSolution
		Debug|Any CPU = Debug|Any CPU
		Release|Any CPU = Release|Any CPU
	EndGlobalSection
	GlobalSection(ProjectConfigurationPlatforms) = postSolution
		{5FD443A5-89A2-47F5-8D73-40E9A2FAAE36}.Debug|Any CPU.ActiveCfg = Debug|Any CPU
		{5FD443A5-89A2-47F5-8D73-40E9A2FAAE36}.Debug|Any CPU.Build.0 = Debug|Any CPU
		{5FD443A5-89A2-47F5-8D73-40E9A2FAAE36}.Release|Any CPU.ActiveCfg = Release|Any CPU
		{5FD443A5-89A2-47F5-8D73-40E9A2FAAE36}.Release|Any CPU.Build.0 = Release|Any CPU
	EndGlobalSection
	GlobalSection(SolutionProperties) = preSolution
		HideSolutionNode = FALSE
	EndGlobalSection
	GlobalSection(ExtensibilityGlobals) = postSolution
		SolutionGuid = {48C0432D-A17A-452B-973C-72C4A1D2CAB9}
	EndGlobalSection
EndGlobal
