
Microsoft Visual Studio Solution File, Format Version 12.00
# Visual Studio Version 17
VisualStudioVersion = 17.10.35122.118
MinimumVisualStudioVersion = 10.0.40219.1
Project("{FAE04EC0-301F-11D3-BF4B-00C04F79EFBC}") = "LogaryExample", "LogaryExample\LogaryExample.csproj", "{C97A830A-5F31-42DA-9D80-965D117EC681}"
EndProject
Global
	GlobalSection(SolutionConfigurationPlatforms) = preSolution
		Debug|Any CPU = Debug|Any CPU
		Release|Any CPU = Release|Any CPU
	EndGlobalSection
	GlobalSection(ProjectConfigurationPlatforms) = postSolution
		{C97A830A-5F31-42DA-9D80-965D117EC681}.Debug|Any CPU.ActiveCfg = Debug|Any CPU
		{C97A830A-5F31-42DA-9D80-965D117EC681}.Debug|Any CPU.Build.0 = Debug|Any CPU
		{C97A830A-5F31-42DA-9D80-965D117EC681}.Release|Any CPU.ActiveCfg = Release|Any CPU
		{C97A830A-5F31-42DA-9D80-965D117EC681}.Release|Any CPU.Build.0 = Release|Any CPU
	EndGlobalSection
	GlobalSection(SolutionProperties) = preSolution
		HideSolutionNode = FALSE
	EndGlobalSection
	GlobalSection(ExtensibilityGlobals) = postSolution
		SolutionGuid = {3E41F3F4-03E5-45E5-9295-681F7F6A3477}
	EndGlobalSection
EndGlobal
